// !$*UTF8*$!
{
	archiveVersion = 1;
	classes = {
	};
	objectVersion = 50;
	objects = {

/* Begin PBXBuildFile section */
		0B079374268EF05800C0013D /* AppDelegate.swift in Sources */ = {isa = PBXBuildFile; fileRef = 0B079373268EF05800C0013D /* AppDelegate.swift */; };
		0B079376268EF05800C0013D /* ViewController.swift in Sources */ = {isa = PBXBuildFile; fileRef = 0B079375268EF05800C0013D /* ViewController.swift */; };
		0B079379268EF05800C0013D /* Main.storyboard in Resources */ = {isa = PBXBuildFile; fileRef = 0B079377268EF05800C0013D /* Main.storyboard */; };
		0B07937B268EF05F00C0013D /* Assets.xcassets in Resources */ = {isa = PBXBuildFile; fileRef = 0B07937A268EF05F00C0013D /* Assets.xcassets */; };
		0B07937E268EF05F00C0013D /* LaunchScreen.storyboard in Resources */ = {isa = PBXBuildFile; fileRef = 0B07937C268EF05F00C0013D /* LaunchScreen.storyboard */; };
		0B07938A268EF74E00C0013D /* bg5.jpg in Resources */ = {isa = PBXBuildFile; fileRef = 0B079389268EF74E00C0013D /* bg5.jpg */; };
		0B079390268EF97500C0013D /* bg1.jpg in Resources */ = {isa = PBXBuildFile; fileRef = 0B07938F268EF97500C0013D /* bg1.jpg */; };
		0B079392268EFC6600C0013D /* File.swift in Sources */ = {isa = PBXBuildFile; fileRef = 0B079391268EFC6600C0013D /* File.swift */; };
		0B079394268EFC9E00C0013D /* gameVC.swift in Sources */ = {isa = PBXBuildFile; fileRef = 0B079393268EFC9E00C0013D /* gameVC.swift */; };
		0B079396268F011D00C0013D /* bg5.jpg in Resources */ = {isa = PBXBuildFile; fileRef = 0B079395268F011D00C0013D /* bg5.jpg */; };
		0B08948D268F5F2500AB3BC1 /* TicTacToeVC.swift in Sources */ = {isa = PBXBuildFile; fileRef = 0B08948C268F5F2500AB3BC1 /* TicTacToeVC.swift */; };
		0B08948F268F5FAD00AB3BC1 /* CollectionViewCell.swift in Sources */ = {isa = PBXBuildFile; fileRef = 0B08948E268F5FAD00AB3BC1 /* CollectionViewCell.swift */; };
		0B089491268F660200AB3BC1 /* O.png in Resources */ = {isa = PBXBuildFile; fileRef = 0B089490268F660200AB3BC1 /* O.png */; };
		0B089493268F660A00AB3BC1 /* X.png in Resources */ = {isa = PBXBuildFile; fileRef = 0B089492268F660A00AB3BC1 /* X.png */; };
/* End PBXBuildFile section */

/* Begin PBXFileReference section */
		0B079370268EF05800C0013D /* TicTacToe.app */ = {isa = PBXFileReference; explicitFileType = wrapper.application; includeInIndex = 0; path = TicTacToe.app; sourceTree = BUILT_PRODUCTS_DIR; };
		0B079373268EF05800C0013D /* AppDelegate.swift */ = {isa = PBXFileReference; lastKnownFileType = sourcecode.swift; path = AppDelegate.swift; sourceTree = "<group>"; };
		0B079375268EF05800C0013D /* ViewController.swift */ = {isa = PBXFileReference; lastKnownFileType = sourcecode.swift; path = ViewController.swift; sourceTree = "<group>"; };
		0B079378268EF05800C0013D /* Base */ = {isa = PBXFileReference; lastKnownFileType = file.storyboard; name = Base; path = Base.lproj/Main.storyboard; sourceTree = "<group>"; };
		0B07937A268EF05F00C0013D /* Assets.xcassets */ = {isa = PBXFileReference; lastKnownFileType = folder.assetcatalog; path = Assets.xcassets; sourceTree = "<group>"; };
		0B07937D268EF05F00C0013D /* Base */ = {isa = PBXFileReference; lastKnownFileType = file.storyboard; name = Base; path = Base.lproj/LaunchScreen.storyboard; sourceTree = "<group>"; };
		0B07937F268EF05F00C0013D /* Info.plist */ = {isa = PBXFileReference; lastKnownFileType = text.plist.xml; path = Info.plist; sourceTree = "<group>"; };
		0B079389268EF74E00C0013D /* bg5.jpg */ = {isa = PBXFileReference; lastKnownFileType = image.jpeg; path = bg5.jpg; sourceTree = "<group>"; };
		0B07938F268EF97500C0013D /* bg1.jpg */ = {isa = PBXFileReference; lastKnownFileType = image.jpeg; path = bg1.jpg; sourceTree = "<group>"; };
		0B079391268EFC6600C0013D /* File.swift */ = {isa = PBXFileReference; lastKnownFileType = sourcecode.swift; path = File.swift; sourceTree = "<group>"; };
		0B079393268EFC9E00C0013D /* gameVC.swift */ = {isa = PBXFileReference; lastKnownFileType = sourcecode.swift; path = gameVC.swift; sourceTree = "<group>"; };
		0B079395268F011D00C0013D /* bg5.jpg */ = {isa = PBXFileReference; lastKnownFileType = image.jpeg; path = bg5.jpg; sourceTree = "<group>"; };
		0B08948C268F5F2500AB3BC1 /* TicTacToeVC.swift */ = {isa = PBXFileReference; lastKnownFileType = sourcecode.swift; path = TicTacToeVC.swift; sourceTree = "<group>"; };
		0B08948E268F5FAD00AB3BC1 /* CollectionViewCell.swift */ = {isa = PBXFileReference; lastKnownFileType = sourcecode.swift; path = CollectionViewCell.swift; sourceTree = "<group>"; };
		0B089490268F660200AB3BC1 /* O.png */ = {isa = PBXFileReference; lastKnownFileType = image.png; path = O.png; sourceTree = "<group>"; };
		0B089492268F660A00AB3BC1 /* X.png */ = {isa = PBXFileReference; lastKnownFileType = image.png; path = X.png; sourceTree = "<group>"; };
/* End PBXFileReference section */

/* Begin PBXFrameworksBuildPhase section */
		0B07936D268EF05800C0013D /* Frameworks */ = {
			isa = PBXFrameworksBuildPhase;
			buildActionMask = 2147483647;
			files = (
			);
			runOnlyForDeploymentPostprocessing = 0;
		};
/* End PBXFrameworksBuildPhase section */

/* Begin PBXGroup section */
		0B079367268EF05800C0013D = {
			isa = PBXGroup;
			children = (
				0B079372268EF05800C0013D /* TicTacToe */,
				0B079371268EF05800C0013D /* Products */,
				0B079389268EF74E00C0013D /* bg5.jpg */,
			);
			sourceTree = "<group>";
		};
		0B079371268EF05800C0013D /* Products */ = {
			isa = PBXGroup;
			children = (
				0B079370268EF05800C0013D /* TicTacToe.app */,
			);
			name = Products;
			sourceTree = "<group>";
		};
		0B079372268EF05800C0013D /* TicTacToe */ = {
			isa = PBXGroup;
			children = (
				0B079373268EF05800C0013D /* AppDelegate.swift */,
				0B079375268EF05800C0013D /* ViewController.swift */,
				0B079377268EF05800C0013D /* Main.storyboard */,
				0B07937A268EF05F00C0013D /* Assets.xcassets */,
				0B07937C268EF05F00C0013D /* LaunchScreen.storyboard */,
				0B07938F268EF97500C0013D /* bg1.jpg */,
				0B07937F268EF05F00C0013D /* Info.plist */,
				0B079391268EFC6600C0013D /* File.swift */,
				0B079395268F011D00C0013D /* bg5.jpg */,
				0B079393268EFC9E00C0013D /* gameVC.swift */,
				0B08948C268F5F2500AB3BC1 /* TicTacToeVC.swift */,
				0B089490268F660200AB3BC1 /* O.png */,
				0B089492268F660A00AB3BC1 /* X.png */,
				0B08948E268F5FAD00AB3BC1 /* CollectionViewCell.swift */,
			);
			path = TicTacToe;
			sourceTree = "<group>";
		};
/* End PBXGroup section */

/* Begin PBXNativeTarget section */
		0B07936F268EF05800C0013D /* TicTacToe */ = {
			isa = PBXNativeTarget;
			buildConfigurationList = 0B079382268EF05F00C0013D /* Build configuration list for PBXNativeTarget "TicTacToe" */;
			buildPhases = (
				0B07936C268EF05800C0013D /* Sources */,
				0B07936D268EF05800C0013D /* Frameworks */,
				0B07936E268EF05800C0013D /* Resources */,
			);
			buildRules = (
			);
			dependencies = (
			);
			name = TicTacToe;
			productName = TicTacToe;
			productReference = 0B079370268EF05800C0013D /* TicTacToe.app */;
			productType = "com.apple.product-type.application";
		};
/* End PBXNativeTarget section */

/* Begin PBXProject section */
		0B079368268EF05800C0013D /* Project object */ = {
			isa = PBXProject;
			attributes = {
				LastSwiftUpdateCheck = 1020;
				LastUpgradeCheck = 1020;
				ORGANIZATIONNAME = DCS;
				TargetAttributes = {
					0B07936F268EF05800C0013D = {
						CreatedOnToolsVersion = 10.2.1;
					};
				};
			};
			buildConfigurationList = 0B07936B268EF05800C0013D /* Build configuration list for PBXProject "TicTacToe" */;
			compatibilityVersion = "Xcode 9.3";
			developmentRegion = en;
			hasScannedForEncodings = 0;
			knownRegions = (
				en,
				Base,
			);
			mainGroup = 0B079367268EF05800C0013D;
			productRefGroup = 0B079371268EF05800C0013D /* Products */;
			projectDirPath = "";
			projectRoot = "";
			targets = (
				0B07936F268EF05800C0013D /* TicTacToe */,
			);
		};
/* End PBXProject section */

/* Begin PBXResourcesBuildPhase section */
		0B07936E268EF05800C0013D /* Resources */ = {
			isa = PBXResourcesBuildPhase;
			buildActionMask = 2147483647;
			files = (
				0B089493268F660A00AB3BC1 /* X.png in Resources */,
				0B079396268F011D00C0013D /* bg5.jpg in Resources */,
				0B07938A268EF74E00C0013D /* bg5.jpg in Resources */,
				0B07937E268EF05F00C0013D /* LaunchScreen.storyboard in Resources */,
				0B089491268F660200AB3BC1 /* O.png in Resources */,
				0B07937B268EF05F00C0013D /* Assets.xcassets in Resources */,
				0B079379268EF05800C0013D /* Main.storyboard in Resources */,
				0B079390268EF97500C0013D /* bg1.jpg in Resources */,
			);
			runOnlyForDeploymentPostprocessing = 0;
		};
/* End PBXResourcesBuildPhase section */

/* Begin PBXSourcesBuildPhase section */
		0B07936C268EF05800C0013D /* Sources */ = {
			isa = PBXSourcesBuildPhase;
			buildActionMask = 2147483647;
			files = (
				0B079376268EF05800C0013D /* ViewController.swift in Sources */,
				0B079392268EFC6600C0013D /* File.swift in Sources */,
				0B08948F268F5FAD00AB3BC1 /* CollectionViewCell.swift in Sources */,
				0B079374268EF05800C0013D /* AppDelegate.swift in Sources */,
				0B079394268EFC9E00C0013D /* gameVC.swift in Sources */,
				0B08948D268F5F2500AB3BC1 /* TicTacToeVC.swift in Sources */,
			);
			runOnlyForDeploymentPostprocessing = 0;
		};
/* End PBXSourcesBuildPhase section */

/* Begin PBXVariantGroup section */
		0B079377268EF05800C0013D /* Main.storyboard */ = {
			isa = PBXVariantGroup;
			children = (
				0B079378268EF05800C0013D /* Base */,
			);
			name = Main.storyboard;
			sourceTree = "<group>";
		};
		0B07937C268EF05F00C0013D /* LaunchScreen.storyboard */ = {
			isa = PBXVariantGroup;
			children = (
				0B07937D268EF05F00C0013D /* Base */,
			);
			name = LaunchScreen.storyboard;
			sourceTree = "<group>";
		};
/* End PBXVariantGroup section */

/* Begin XCBuildConfiguration section */
		0B079380268EF05F00C0013D /* Debug */ = {
			isa = XCBuildConfiguration;
			buildSettings = {
				ALWAYS_SEARCH_USER_PATHS = NO;
				CLANG_ANALYZER_NONNULL = YES;
				CLANG_ANALYZER_NUMBER_OBJECT_CONVERSION = YES_AGGRESSIVE;
				CLANG_CXX_LANGUAGE_STANDARD = "gnu++14";
				CLANG_CXX_LIBRARY = "libc++";
				CLANG_ENABLE_MODULES = YES;
				CLANG_ENABLE_OBJC_ARC = YES;
				CLANG_ENABLE_OBJC_WEAK = YES;
				CLANG_WARN_BLOCK_CAPTURE_AUTORELEASING = YES;
				CLANG_WARN_BOOL_CONVERSION = YES;
				CLANG_WARN_COMMA = YES;
				CLANG_WARN_CONSTANT_CONVERSION = YES;
				CLANG_WARN_DEPRECATED_OBJC_IMPLEMENTATIONS = YES;
				CLANG_WARN_DIRECT_OBJC_ISA_USAGE = YES_ERROR;
				CLANG_WARN_DOCUMENTATION_COMMENTS = YES;
				CLANG_WARN_EMPTY_BODY = YES;
				CLANG_WARN_ENUM_CONVERSION = YES;
				CLANG_WARN_INFINITE_RECURSION = YES;
				CLANG_WARN_INT_CONVERSION = YES;
				CLANG_WARN_NON_LITERAL_NULL_CONVERSION = YES;
				CLANG_WARN_OBJC_IMPLICIT_RETAIN_SELF = YES;
				CLANG_WARN_OBJC_LITERAL_CONVERSION = YES;
				CLANG_WARN_OBJC_ROOT_CLASS = YES_ERROR;
				CLANG_WARN_RANGE_LOOP_ANALYSIS = YES;
				CLANG_WARN_STRICT_PROTOTYPES = YES;
				CLANG_WARN_SUSPICIOUS_MOVE = YES;
				CLANG_WARN_UNGUARDED_AVAILABILITY = YES_AGGRESSIVE;
				CLANG_WARN_UNREACHABLE_CODE = YES;
				CLANG_WARN__DUPLICATE_METHOD_MATCH = YES;
				CODE_SIGN_IDENTITY = "iPhone Developer";
				COPY_PHASE_STRIP = NO;
				DEBUG_INFORMATION_FORMAT = dwarf;
				ENABLE_STRICT_OBJC_MSGSEND = YES;
				ENABLE_TESTABILITY = YES;
				GCC_C_LANGUAGE_STANDARD = gnu11;
				GCC_DYNAMIC_NO_PIC = NO;
				GCC_NO_COMMON_BLOCKS = YES;
				GCC_OPTIMIZATION_LEVEL = 0;
				GCC_PREPROCESSOR_DEFINITIONS = (
					"DEBUG=1",
					"$(inherited)",
				);
				GCC_WARN_64_TO_32_BIT_CONVERSION = YES;
				GCC_WARN_ABOUT_RETURN_TYPE = YES_ERROR;
				GCC_WARN_UNDECLARED_SELECTOR = YES;
				GCC_WARN_UNINITIALIZED_AUTOS = YES_AGGRESSIVE;
				GCC_WARN_UNUSED_FUNCTION = YES;
				GCC_WARN_UNUSED_VARIABLE = YES;
				IPHONEOS_DEPLOYMENT_TARGET = 12.2;
				MTL_ENABLE_DEBUG_INFO = INCLUDE_SOURCE;
				MTL_FAST_MATH = YES;
				ONLY_ACTIVE_ARCH = YES;
				SDKROOT = iphoneos;
				SWIFT_ACTIVE_COMPILATION_CONDITIONS = DEBUG;
				SWIFT_OPTIMIZATION_LEVEL = "-Onone";
			};
			name = Debug;
		};
		0B079381268EF05F00C0013D /* Release */ = {
			isa = XCBuildConfiguration;
			buildSettings = {
				ALWAYS_SEARCH_USER_PATHS = NO;
				CLANG_ANALYZER_NONNULL = YES;
				CLANG_ANALYZER_NUMBER_OBJECT_CONVERSION = YES_AGGRESSIVE;
				CLANG_CXX_LANGUAGE_STANDARD = "gnu++14";
				CLANG_CXX_LIBRARY = "libc++";
				CLANG_ENABLE_MODULES = YES;
				CLANG_ENABLE_OBJC_ARC = YES;
				CLANG_ENABLE_OBJC_WEAK = YES;
				CLANG_WARN_BLOCK_CAPTURE_AUTORELEASING = YES;
				CLANG_WARN_BOOL_CONVERSION = YES;
				CLANG_WARN_COMMA = YES;
				CLANG_WARN_CONSTANT_CONVERSION = YES;
				CLANG_WARN_DEPRECATED_OBJC_IMPLEMENTATIONS = YES;
				CLANG_WARN_DIRECT_OBJC_ISA_USAGE = YES_ERROR;
				CLANG_WARN_DOCUMENTATION_COMMENTS = YES;
				CLANG_WARN_EMPTY_BODY = YES;
				CLANG_WARN_ENUM_CONVERSION = YES;
				CLANG_WARN_INFINITE_RECURSION = YES;
				CLANG_WARN_INT_CONVERSION = YES;
				CLANG_WARN_NON_LITERAL_NULL_CONVERSION = YES;
				CLANG_WARN_OBJC_IMPLICIT_RETAIN_SELF = YES;
				CLANG_WARN_OBJC_LITERAL_CONVERSION = YES;
				CLANG_WARN_OBJC_ROOT_CLASS = YES_ERROR;
				CLANG_WARN_RANGE_LOOP_ANALYSIS = YES;
				CLANG_WARN_STRICT_PROTOTYPES = YES;
				CLANG_WARN_SUSPICIOUS_MOVE = YES;
				CLANG_WARN_UNGUARDED_AVAILABILITY = YES_AGGRESSIVE;
				CLANG_WARN_UNREACHABLE_CODE = YES;
				CLANG_WARN__DUPLICATE_METHOD_MATCH = YES;
				CODE_SIGN_IDENTITY = "iPhone Developer";
				COPY_PHASE_STRIP = NO;
				DEBUG_INFORMATION_FORMAT = "dwarf-with-dsym";
				ENABLE_NS_ASSERTIONS = NO;
				ENABLE_STRICT_OBJC_MSGSEND = YES;
				GCC_C_LANGUAGE_STANDARD = gnu11;
				GCC_NO_COMMON_BLOCKS = YES;
				GCC_WARN_64_TO_32_BIT_CONVERSION = YES;
				GCC_WARN_ABOUT_RETURN_TYPE = YES_ERROR;
				GCC_WARN_UNDECLARED_SELECTOR = YES;
				GCC_WARN_UNINITIALIZED_AUTOS = YES_AGGRESSIVE;
				GCC_WARN_UNUSED_FUNCTION = YES;
				GCC_WARN_UNUSED_VARIABLE = YES;
				IPHONEOS_DEPLOYMENT_TARGET = 12.2;
				MTL_ENABLE_DEBUG_INFO = NO;
				MTL_FAST_MATH = YES;
				SDKROOT = iphoneos;
				SWIFT_COMPILATION_MODE = wholemodule;
				SWIFT_OPTIMIZATION_LEVEL = "-O";
				VALIDATE_PRODUCT = YES;
			};
			name = Release;
		};
		0B079383268EF05F00C0013D /* Debug */ = {
			isa = XCBuildConfiguration;
			buildSettings = {
				ASSETCATALOG_COMPILER_APPICON_NAME = AppIcon;
				CODE_SIGN_STYLE = Automatic;
				INFOPLIST_FILE = TicTacToe/Info.plist;
				LD_RUNPATH_SEARCH_PATHS = (
					"$(inherited)",
					"@executable_path/Frameworks",
				);
				PRODUCT_BUNDLE_IDENTIFIER = in.ac.vnsgu.dcs.TicTacToe;
				PRODUCT_NAME = "$(TARGET_NAME)";
				SWIFT_VERSION = 5.0;
				TARGETED_DEVICE_FAMILY = "1,2";
			};
			name = Debug;
		};
		0B079384268EF05F00C0013D /* Release */ = {
			isa = XCBuildConfiguration;
			buildSettings = {
				ASSETCATALOG_COMPILER_APPICON_NAME = AppIcon;
				CODE_SIGN_STYLE = Automatic;
				INFOPLIST_FILE = TicTacToe/Info.plist;
				LD_RUNPATH_SEARCH_PATHS = (
					"$(inherited)",
					"@executable_path/Frameworks",
				);
				PRODUCT_BUNDLE_IDENTIFIER = in.ac.vnsgu.dcs.TicTacToe;
				PRODUCT_NAME = "$(TARGET_NAME)";
				SWIFT_VERSION = 5.0;
				TARGETED_DEVICE_FAMILY = "1,2";
			};
			name = Release;
		};
/* End XCBuildConfiguration section */

/* Begin XCConfigurationList section */
		0B07936B268EF05800C0013D /* Build configuration list for PBXProject "TicTacToe" */ = {
			isa = XCConfigurationList;
			buildConfigurations = (
				0B079380268EF05F00C0013D /* Debug */,
				0B079381268EF05F00C0013D /* Release */,
			);
			defaultConfigurationIsVisible = 0;
			defaultConfigurationName = Release;
		};
		0B079382268EF05F00C0013D /* Build configuration list for PBXNativeTarget "TicTacToe" */ = {
			isa = XCConfigurationList;
			buildConfigurations = (
				0B079383268EF05F00C0013D /* Debug */,
				0B079384268EF05F00C0013D /* Release */,
			);
			defaultConfigurationIsVisible = 0;
			defaultConfigurationName = Release;
		};
/* End XCConfigurationList section */
	};
	rootObject = 0B079368268EF05800C0013D /* Project object */;
}
